{
  "name": "azure-projekt-s",
  "version": "1.0.0",
  "lockfileVersion": 2,
  "requires": true,
  "packages": {
    "": {
      "name": "azure-projekt-s",
      "version": "1.0.0",
      "dependencies": {
        "uuid": "9.0.0"
      },
      "devDependencies": {
        "@azure/functions": "^3.0.0",
        "@types/node": "16.x",
        "@types/uuid": "^8.3.4",
        "typescript": "^4.0.0"
      }
    },
    "node_modules/@azure/functions": {
      "version": "3.2.0",
      "resolved": "https://registry.npmjs.org/@azure/functions/-/functions-3.2.0.tgz",
      "integrity": "sha512-HbE7iORnYcjLzKNf5mIQRJQDTsVxhoXHRWEZ6KWdGh4e7+F9xTloiBicavbSoVmlAYivenIVpryHanVwsQaHUw==",
      "dev": true
    },
    "node_modules/@types/node": {
      "version": "16.18.3",
      "resolved": "https://registry.npmjs.org/@types/node/-/node-16.18.3.tgz",
      "integrity": "sha512-jh6m0QUhIRcZpNv7Z/rpN+ZWXOicUUQbSoWks7Htkbb9IjFQj4kzcX/xFCkjstCj5flMsN8FiSvt+q+Tcs4Llg==",
      "dev": true
    },
    "node_modules/@types/uuid": {
      "version": "8.3.4",
      "resolved": "https://registry.npmjs.org/@types/uuid/-/uuid-8.3.4.tgz",
      "integrity": "sha512-c/I8ZRb51j+pYGAu5CrFMRxqZ2ke4y2grEBO5AUjgSkSk+qT2Ea+OdWElz/OiMf5MNpn2b17kuVBwZLQJXzihw==",
      "dev": true
    },
    "node_modules/typescript": {
      "version": "4.9.3",
      "resolved": "https://registry.npmjs.org/typescript/-/typescript-4.9.3.tgz",
      "integrity": "sha512-CIfGzTelbKNEnLpLdGFgdyKhG23CKdKgQPOBc+OUNrkJ2vr+KSzsSV5kq5iWhEQbok+quxgGzrAtGWCyU7tHnA==",
      "dev": true,
      "bin": {
        "tsc": "bin/tsc",
        "tsserver": "bin/tsserver"
      },
      "engines": {
        "node": ">=4.2.0"
      }
    },
    "node_modules/uuid": {
      "version": "9.0.0",
      "resolved": "https://registry.npmjs.org/uuid/-/uuid-9.0.0.tgz",
      "integrity": "sha512-MXcSTerfPa4uqyzStbRoTgt5XIe3x5+42+q1sDuy3R5MDk66URdLMOZe5aPX/SQd+kuYAh0FdP/pO28IkQyTeg==",
      "bin": {
        "uuid": "dist/bin/uuid"
      }
    }
  },
  "dependencies": {
    "@azure/functions": {
      "version": "3.2.0",
      "resolved": "https://registry.npmjs.org/@azure/functions/-/functions-3.2.0.tgz",
      "integrity": "sha512-HbE7iORnYcjLzKNf5mIQRJQDTsVxhoXHRWEZ6KWdGh4e7+F9xTloiBicavbSoVmlAYivenIVpryHanVwsQaHUw==",
      "dev": true
    },
    "@types/node": {
      "version": "16.18.3",
      "resolved": "https://registry.npmjs.org/@types/node/-/node-16.18.3.tgz",
      "integrity": "sha512-jh6m0QUhIRcZpNv7Z/rpN+ZWXOicUUQbSoWks7Htkbb9IjFQj4kzcX/xFCkjstCj5flMsN8FiSvt+q+Tcs4Llg==",
      "dev": true
    },
    "@types/uuid": {
      "version": "8.3.4",
      "resolved": "https://registry.npmjs.org/@types/uuid/-/uuid-8.3.4.tgz",
      "integrity": "sha512-c/I8ZRb51j+pYGAu5CrFMRxqZ2ke4y2grEBO5AUjgSkSk+qT2Ea+OdWElz/OiMf5MNpn2b17kuVBwZLQJXzihw==",
      "dev": true
    },
    "typescript": {
      "version": "4.9.3",
      "resolved": "https://registry.npmjs.org/typescript/-/typescript-4.9.3.tgz",
      "integrity": "sha512-CIfGzTelbKNEnLpLdGFgdyKhG23CKdKgQPOBc+OUNrkJ2vr+KSzsSV5kq5iWhEQbok+quxgGzrAtGWCyU7tHnA==",
      "dev": true
    },
    "uuid": {
      "version": "9.0.0",
      "resolved": "https://registry.npmjs.org/uuid/-/uuid-9.0.0.tgz",
      "integrity": "sha512-MXcSTerfPa4uqyzStbRoTgt5XIe3x5+42+q1sDuy3R5MDk66URdLMOZe5aPX/SQd+kuYAh0FdP/pO28IkQyTeg=="
    }
  }
}
